
Microsoft Visual Studio Solution File, Format Version 12.00
# Visual Studio 14
VisualStudioVersion = 14.0.24720.0
MinimumVisualStudioVersion = 10.0.40219.1
Project("{2150E333-8FDC-42A3-9474-1A3956D46DE8}") = "src", "src", "{04E600E9-480B-4FB4-8E1B-00A8680747F0}"
EndProject
Project("{2150E333-8FDC-42A3-9474-1A3956D46DE8}") = "Solution Items", "Solution Items", "{46FC59A4-AE4F-4D03-881B-79A9B631FF57}"
	ProjectSection(SolutionItems) = preProject
		global.json = global.json
	EndProjectSection
EndProject
Project("{8BB2217D-0F2D-49D1-97BC-3654ED321F3B}") = "MyWorld", "src\MyWorld\MyWorld.xproj", "{97B9593F-5CC1-4987-B71B-A63F82F56C2D}"
EndProject
Global
	GlobalSection(SolutionConfigurationPlatforms) = preSolution
		Debug|Any CPU = Debug|Any CPU
		Release|Any CPU = Release|Any CPU
	EndGlobalSection
	GlobalSection(ProjectConfigurationPlatforms) = postSolution
		{97B9593F-5CC1-4987-B71B-A63F82F56C2D}.Debug|Any CPU.ActiveCfg = Debug|Any CPU
		{97B9593F-5CC1-4987-B71B-A63F82F56C2D}.Debug|Any CPU.Build.0 = Debug|Any CPU
		{97B9593F-5CC1-4987-B71B-A63F82F56C2D}.Release|Any CPU.ActiveCfg = Release|Any CPU
		{97B9593F-5CC1-4987-B71B-A63F82F56C2D}.Release|Any CPU.Build.0 = Release|Any CPU
	EndGlobalSection
	GlobalSection(SolutionProperties) = preSolution
		HideSolutionNode = FALSE
	EndGlobalSection
	GlobalSection(NestedProjects) = preSolution
		{97B9593F-5CC1-4987-B71B-A63F82F56C2D} = {04E600E9-480B-4FB4-8E1B-00A8680747F0}
	EndGlobalSection
EndGlobal
